
Microsoft Visual Studio Solution File, Format Version 12.00
# Visual Studio 15
VisualStudioVersion = 15.0.28010.2026
MinimumVisualStudioVersion = 10.0.40219.1
Project("{FAE04EC0-301F-11D3-BF4B-00C04F79EFBC}") = "IronTemple.Android", "IronTemple\IronTemple.Android\IronTemple.Android.csproj", "{24CE3C36-16B9-426D-AA0C-5961ECF8D88C}"
EndProject
Project("{FAE04EC0-301F-11D3-BF4B-00C04F79EFBC}") = "IronTemple.iOS", "IronTemple\IronTemple.iOS\IronTemple.iOS.csproj", "{0BAEA9CC-3CCB-416F-89FC-6FE782E0C1BC}"
EndProject
Project("{FAE04EC0-301F-11D3-BF4B-00C04F79EFBC}") = "IronTemple", "IronTemple\IronTemple\IronTemple.csproj", "{B604B447-0018-4BED-9068-BB4B82055975}"
EndProject
Global
	GlobalSection(SolutionConfigurationPlatforms) = preSolution
		Debug|Any CPU = Debug|Any CPU
		Debug|iPhone = Debug|iPhone
		Debug|iPhoneSimulator = Debug|iPhoneSimulator
		Release|Any CPU = Release|Any CPU
		Release|iPhone = Release|iPhone
		Release|iPhoneSimulator = Release|iPhoneSimulator
	EndGlobalSection
	GlobalSection(ProjectConfigurationPlatforms) = postSolution
		{24CE3C36-16B9-426D-AA0C-5961ECF8D88C}.Debug|Any CPU.ActiveCfg = Debug|Any CPU
		{24CE3C36-16B9-426D-AA0C-5961ECF8D88C}.Debug|Any CPU.Build.0 = Debug|Any CPU
		{24CE3C36-16B9-426D-AA0C-5961ECF8D88C}.Debug|Any CPU.Deploy.0 = Debug|Any CPU
		{24CE3C36-16B9-426D-AA0C-5961ECF8D88C}.Debug|iPhone.ActiveCfg = Debug|Any CPU
		{24CE3C36-16B9-426D-AA0C-5961ECF8D88C}.Debug|iPhone.Build.0 = Debug|Any CPU
		{24CE3C36-16B9-426D-AA0C-5961ECF8D88C}.Debug|iPhone.Deploy.0 = Debug|Any CPU
		{24CE3C36-16B9-426D-AA0C-5961ECF8D88C}.Debug|iPhoneSimulator.ActiveCfg = Debug|Any CPU
		{24CE3C36-16B9-426D-AA0C-5961ECF8D88C}.Debug|iPhoneSimulator.Build.0 = Debug|Any CPU
		{24CE3C36-16B9-426D-AA0C-5961ECF8D88C}.Debug|iPhoneSimulator.Deploy.0 = Debug|Any CPU
		{24CE3C36-16B9-426D-AA0C-5961ECF8D88C}.Release|Any CPU.ActiveCfg = Release|Any CPU
		{24CE3C36-16B9-426D-AA0C-5961ECF8D88C}.Release|Any CPU.Build.0 = Release|Any CPU
		{24CE3C36-16B9-426D-AA0C-5961ECF8D88C}.Release|Any CPU.Deploy.0 = Release|Any CPU
		{24CE3C36-16B9-426D-AA0C-5961ECF8D88C}.Release|iPhone.ActiveCfg = Release|Any CPU
		{24CE3C36-16B9-426D-AA0C-5961ECF8D88C}.Release|iPhone.Build.0 = Release|Any CPU
		{24CE3C36-16B9-426D-AA0C-5961ECF8D88C}.Release|iPhone.Deploy.0 = Release|Any CPU
		{24CE3C36-16B9-426D-AA0C-5961ECF8D88C}.Release|iPhoneSimulator.ActiveCfg = Release|Any CPU
		{24CE3C36-16B9-426D-AA0C-5961ECF8D88C}.Release|iPhoneSimulator.Build.0 = Release|Any CPU
		{24CE3C36-16B9-426D-AA0C-5961ECF8D88C}.Release|iPhoneSimulator.Deploy.0 = Release|Any CPU
		{0BAEA9CC-3CCB-416F-89FC-6FE782E0C1BC}.Debug|Any CPU.ActiveCfg = Debug|iPhoneSimulator
		{0BAEA9CC-3CCB-416F-89FC-6FE782E0C1BC}.Debug|Any CPU.Build.0 = Debug|iPhoneSimulator
		{0BAEA9CC-3CCB-416F-89FC-6FE782E0C1BC}.Debug|Any CPU.Deploy.0 = Debug|iPhoneSimulator
		{0BAEA9CC-3CCB-416F-89FC-6FE782E0C1BC}.Debug|iPhone.ActiveCfg = Debug|iPhone
		{0BAEA9CC-3CCB-416F-89FC-6FE782E0C1BC}.Debug|iPhone.Build.0 = Debug|iPhone
		{0BAEA9CC-3CCB-416F-89FC-6FE782E0C1BC}.Debug|iPhone.Deploy.0 = Debug|iPhone
		{0BAEA9CC-3CCB-416F-89FC-6FE782E0C1BC}.Debug|iPhoneSimulator.ActiveCfg = Debug|iPhoneSimulator
		{0BAEA9CC-3CCB-416F-89FC-6FE782E0C1BC}.Debug|iPhoneSimulator.Build.0 = Debug|iPhoneSimulator
		{0BAEA9CC-3CCB-416F-89FC-6FE782E0C1BC}.Debug|iPhoneSimulator.Deploy.0 = Debug|iPhoneSimulator
		{0BAEA9CC-3CCB-416F-89FC-6FE782E0C1BC}.Release|Any CPU.ActiveCfg = Release|iPhone
		{0BAEA9CC-3CCB-416F-89FC-6FE782E0C1BC}.Release|Any CPU.Build.0 = Release|iPhone
		{0BAEA9CC-3CCB-416F-89FC-6FE782E0C1BC}.Release|Any CPU.Deploy.0 = Release|iPhone
		{0BAEA9CC-3CCB-416F-89FC-6FE782E0C1BC}.Release|iPhone.ActiveCfg = Release|iPhone
		{0BAEA9CC-3CCB-416F-89FC-6FE782E0C1BC}.Release|iPhone.Build.0 = Release|iPhone
		{0BAEA9CC-3CCB-416F-89FC-6FE782E0C1BC}.Release|iPhone.Deploy.0 = Release|iPhone
		{0BAEA9CC-3CCB-416F-89FC-6FE782E0C1BC}.Release|iPhoneSimulator.ActiveCfg = Release|iPhoneSimulator
		{0BAEA9CC-3CCB-416F-89FC-6FE782E0C1BC}.Release|iPhoneSimulator.Build.0 = Release|iPhoneSimulator
		{0BAEA9CC-3CCB-416F-89FC-6FE782E0C1BC}.Release|iPhoneSimulator.Deploy.0 = Release|iPhoneSimulator
		{B604B447-0018-4BED-9068-BB4B82055975}.Debug|Any CPU.ActiveCfg = Debug|Any CPU
		{B604B447-0018-4BED-9068-BB4B82055975}.Debug|Any CPU.Build.0 = Debug|Any CPU
		{B604B447-0018-4BED-9068-BB4B82055975}.Debug|Any CPU.Deploy.0 = Debug|Any CPU
		{B604B447-0018-4BED-9068-BB4B82055975}.Debug|iPhone.ActiveCfg = Debug|Any CPU
		{B604B447-0018-4BED-9068-BB4B82055975}.Debug|iPhone.Build.0 = Debug|Any CPU
		{B604B447-0018-4BED-9068-BB4B82055975}.Debug|iPhone.Deploy.0 = Debug|Any CPU
		{B604B447-0018-4BED-9068-BB4B82055975}.Debug|iPhoneSimulator.ActiveCfg = Debug|Any CPU
		{B604B447-0018-4BED-9068-BB4B82055975}.Debug|iPhoneSimulator.Build.0 = Debug|Any CPU
		{B604B447-0018-4BED-9068-BB4B82055975}.Debug|iPhoneSimulator.Deploy.0 = Debug|Any CPU
		{B604B447-0018-4BED-9068-BB4B82055975}.Release|Any CPU.ActiveCfg = Release|Any CPU
		{B604B447-0018-4BED-9068-BB4B82055975}.Release|Any CPU.Build.0 = Release|Any CPU
		{B604B447-0018-4BED-9068-BB4B82055975}.Release|Any CPU.Deploy.0 = Release|Any CPU
		{B604B447-0018-4BED-9068-BB4B82055975}.Release|iPhone.ActiveCfg = Release|Any CPU
		{B604B447-0018-4BED-9068-BB4B82055975}.Release|iPhone.Build.0 = Release|Any CPU
		{B604B447-0018-4BED-9068-BB4B82055975}.Release|iPhone.Deploy.0 = Release|Any CPU
		{B604B447-0018-4BED-9068-BB4B82055975}.Release|iPhoneSimulator.ActiveCfg = Release|Any CPU
		{B604B447-0018-4BED-9068-BB4B82055975}.Release|iPhoneSimulator.Build.0 = Release|Any CPU
		{B604B447-0018-4BED-9068-BB4B82055975}.Release|iPhoneSimulator.Deploy.0 = Release|Any CPU
	EndGlobalSection
	GlobalSection(SolutionProperties) = preSolution
		HideSolutionNode = FALSE
	EndGlobalSection
	GlobalSection(ExtensibilityGlobals) = postSolution
		SolutionGuid = {2D74958B-297A-4B34-B1EC-1E1EA07B9E6B}
	EndGlobalSection
EndGlobal
